
Microsoft Visual Studio Solution File, Format Version 12.00
# Visual Studio Version 16
VisualStudioVersion = 16.0.30907.101
MinimumVisualStudioVersion = 10.0.40219.1
Project("{9A19103F-16F7-4668-BE54-9A1E7A4F7556}") = "Bmazon", "Bmazon.csproj", "{455EB49B-B37E-4AB4-A818-B960BB6CB46A}"
EndProject
Global
	GlobalSection(SolutionConfigurationPlatforms) = preSolution
		Debug|Any CPU = Debug|Any CPU
		Release|Any CPU = Release|Any CPU
	EndGlobalSection
	GlobalSection(ProjectConfigurationPlatforms) = postSolution
		{455EB49B-B37E-4AB4-A818-B960BB6CB46A}.Debug|Any CPU.ActiveCfg = Debug|Any CPU
		{455EB49B-B37E-4AB4-A818-B960BB6CB46A}.Debug|Any CPU.Build.0 = Debug|Any CPU
		{455EB49B-B37E-4AB4-A818-B960BB6CB46A}.Release|Any CPU.ActiveCfg = Release|Any CPU
		{455EB49B-B37E-4AB4-A818-B960BB6CB46A}.Release|Any CPU.Build.0 = Release|Any CPU
	EndGlobalSection
	GlobalSection(SolutionProperties) = preSolution
		HideSolutionNode = FALSE
	EndGlobalSection
	GlobalSection(ExtensibilityGlobals) = postSolution
		SolutionGuid = {848F6368-95AF-453B-87BB-49A2DFE90F04}
	EndGlobalSection
EndGlobal
